
Microsoft Visual Studio Solution File, Format Version 12.00
# Visual Studio 15
Project("{FAE04EC0-301F-11D3-BF4B-00C04F79EFBC}") = "Assembly-CSharp", "Assembly-CSharp.csproj", "{4116CA5A-DFB8-9D82-C137-94595A14B88A}"
EndProject
Project("{FAE04EC0-301F-11D3-BF4B-00C04F79EFBC}") = "Assembly-CSharp-firstpass", "Assembly-CSharp-firstpass.csproj", "{84D27F19-E6BE-1361-78FE-680C4F7F31C8}"
EndProject
Project("{FAE04EC0-301F-11D3-BF4B-00C04F79EFBC}") = "Assembly-CSharp-Editor-firstpass", "Assembly-CSharp-Editor-firstpass.csproj", "{46C3BD83-EEB0-4F9B-0EE3-9F966A5613B5}"
EndProject
Project("{FAE04EC0-301F-11D3-BF4B-00C04F79EFBC}") = "Assembly-CSharp-Editor", "Assembly-CSharp-Editor.csproj", "{FADC5D8B-B0F7-0454-77ED-FA5FD1DF1CBA}"
EndProject
Global
	GlobalSection(SolutionConfigurationPlatforms) = preSolution
		Debug|Any CPU = Debug|Any CPU
		Release|Any CPU = Release|Any CPU
	EndGlobalSection
	GlobalSection(ProjectConfigurationPlatforms) = postSolution
		{4116CA5A-DFB8-9D82-C137-94595A14B88A}.Debug|Any CPU.ActiveCfg = Debug|Any CPU
		{4116CA5A-DFB8-9D82-C137-94595A14B88A}.Debug|Any CPU.Build.0 = Debug|Any CPU
		{4116CA5A-DFB8-9D82-C137-94595A14B88A}.Release|Any CPU.ActiveCfg = Release|Any CPU
		{4116CA5A-DFB8-9D82-C137-94595A14B88A}.Release|Any CPU.Build.0 = Release|Any CPU
		{84D27F19-E6BE-1361-78FE-680C4F7F31C8}.Debug|Any CPU.ActiveCfg = Debug|Any CPU
		{84D27F19-E6BE-1361-78FE-680C4F7F31C8}.Debug|Any CPU.Build.0 = Debug|Any CPU
		{84D27F19-E6BE-1361-78FE-680C4F7F31C8}.Release|Any CPU.ActiveCfg = Release|Any CPU
		{84D27F19-E6BE-1361-78FE-680C4F7F31C8}.Release|Any CPU.Build.0 = Release|Any CPU
		{46C3BD83-EEB0-4F9B-0EE3-9F966A5613B5}.Debug|Any CPU.ActiveCfg = Debug|Any CPU
		{46C3BD83-EEB0-4F9B-0EE3-9F966A5613B5}.Debug|Any CPU.Build.0 = Debug|Any CPU
		{46C3BD83-EEB0-4F9B-0EE3-9F966A5613B5}.Release|Any CPU.ActiveCfg = Release|Any CPU
		{46C3BD83-EEB0-4F9B-0EE3-9F966A5613B5}.Release|Any CPU.Build.0 = Release|Any CPU
		{FADC5D8B-B0F7-0454-77ED-FA5FD1DF1CBA}.Debug|Any CPU.ActiveCfg = Debug|Any CPU
		{FADC5D8B-B0F7-0454-77ED-FA5FD1DF1CBA}.Debug|Any CPU.Build.0 = Debug|Any CPU
		{FADC5D8B-B0F7-0454-77ED-FA5FD1DF1CBA}.Release|Any CPU.ActiveCfg = Release|Any CPU
		{FADC5D8B-B0F7-0454-77ED-FA5FD1DF1CBA}.Release|Any CPU.Build.0 = Release|Any CPU
	EndGlobalSection
	GlobalSection(SolutionProperties) = preSolution
		HideSolutionNode = FALSE
	EndGlobalSection
EndGlobal
